
Microsoft Visual Studio Solution File, Format Version 12.00
# Visual Studio Version 16
VisualStudioVersion = 16.0.30907.101
MinimumVisualStudioVersion = 10.0.40219.1
Project("{9A19103F-16F7-4668-BE54-9A1E7A4F7556}") = "ProyectoVinos", "ProyectoVinos\ProyectoVinos.csproj", "{D32CD419-24AC-4B3F-81F5-4555F074710B}"
EndProject
Project("{FAE04EC0-301F-11D3-BF4B-00C04F79EFBC}") = "ApiVinos", "ApiVinos\ApiVinos.csproj", "{C214C0C5-351A-4903-B996-1A21A61A56F0}"
EndProject
Global
	GlobalSection(SolutionConfigurationPlatforms) = preSolution
		Debug|Any CPU = Debug|Any CPU
		Release|Any CPU = Release|Any CPU
	EndGlobalSection
	GlobalSection(ProjectConfigurationPlatforms) = postSolution
		{D32CD419-24AC-4B3F-81F5-4555F074710B}.Debug|Any CPU.ActiveCfg = Debug|Any CPU
		{D32CD419-24AC-4B3F-81F5-4555F074710B}.Debug|Any CPU.Build.0 = Debug|Any CPU
		{D32CD419-24AC-4B3F-81F5-4555F074710B}.Release|Any CPU.ActiveCfg = Release|Any CPU
		{D32CD419-24AC-4B3F-81F5-4555F074710B}.Release|Any CPU.Build.0 = Release|Any CPU
		{C214C0C5-351A-4903-B996-1A21A61A56F0}.Debug|Any CPU.ActiveCfg = Debug|Any CPU
		{C214C0C5-351A-4903-B996-1A21A61A56F0}.Debug|Any CPU.Build.0 = Debug|Any CPU
		{C214C0C5-351A-4903-B996-1A21A61A56F0}.Release|Any CPU.ActiveCfg = Release|Any CPU
		{C214C0C5-351A-4903-B996-1A21A61A56F0}.Release|Any CPU.Build.0 = Release|Any CPU
	EndGlobalSection
	GlobalSection(SolutionProperties) = preSolution
		HideSolutionNode = FALSE
	EndGlobalSection
	GlobalSection(ExtensibilityGlobals) = postSolution
		SolutionGuid = {79388D72-E006-4A0C-ADA2-D151DF7F0D4B}
	EndGlobalSection
EndGlobal
